{
  "pins" : [
    {
      "identity" : "swift-utilities",
      "kind" : "remoteSourceControl",
      "location" : "https://github.com/lefebvre76/swift-utilities",
      "state" : {
        "branch" : "main",
        "revision" : "9a988221baf89082e98f138cf843ecc78c901ca3"
      }
    }
  ],
  "version" : 2
}
