{
  "pins" : [
    {
      "identity" : "alerttoast",
      "kind" : "remoteSourceControl",
      "location" : "https://github.com/elai950/AlertToast.git",
      "state" : {
        "revision" : "b39252eacd159904afd7d718bba0afabb87f2f2f",
        "version" : "1.3.9"
      }
    },
    {
      "identity" : "codescanner",
      "kind" : "remoteSourceControl",
      "location" : "https://github.com/twostraws/CodeScanner",
      "state" : {
        "revision" : "bf5d7087015620b250ee6c865b3c9039fc159d1a",
        "version" : "2.3.3"
      }
    },
    {
      "identity" : "swift-utilities",
      "kind" : "remoteSourceControl",
      "location" : "https://github.com/lefebvre76/swift-utilities",
      "state" : {
        "branch" : "main",
        "revision" : "74daef9fc4ac3f07c597a3de8b57d6ee38b062d4"
      }
    }
  ],
  "version" : 2
}
